
Microsoft Visual Studio Solution File, Format Version 12.00
# Visual Studio 15
VisualStudioVersion = 15.0.27428.2027
MinimumVisualStudioVersion = 10.0.40219.1
Project("{FAE04EC0-301F-11D3-BF4B-00C04F79EFBC}") = "SWSniff", "SWSniff\SWSniff.csproj", "{2A8D2545-7108-41CC-BAD5-90507EBBBFC4}"
EndProject
Project("{FAE04EC0-301F-11D3-BF4B-00C04F79EFBC}") = "SWSniff.Core", "SWSniff.Core\SWSniff.Core.csproj", "{6B4C573F-A5FC-4EA8-891E-6529A1D48119}"
EndProject
Project("{FAE04EC0-301F-11D3-BF4B-00C04F79EFBC}") = "SWSniff.SoulWorker", "SWSniff.SoulWorker\SWSniff.SoulWorker.csproj", "{1E5E43AF-D1AB-4B97-AC0B-A2FE83D52356}"
EndProject
Project("{8BC9CEB8-8B4A-11D0-8D11-00A0C91BC942}") = "SWSniff.Bootstrap", "SWSniff.Bootstrap\SWSniff.Bootstrap.vcxproj", "{437A9C0E-1226-4242-90C1-742A932FECC2}"
EndProject
Project("{FAE04EC0-301F-11D3-BF4B-00C04F79EFBC}") = "SWSniff.Internal", "SWSniff.Internal\SWSniff.Internal.csproj", "{6D3DB844-15C7-409F-88D1-359D0EA33F0C}"
EndProject
Global
	GlobalSection(SolutionConfigurationPlatforms) = preSolution
		Debug|Any CPU = Debug|Any CPU
		Debug|x64 = Debug|x64
		Debug|x86 = Debug|x86
		Release|Any CPU = Release|Any CPU
		Release|x64 = Release|x64
		Release|x86 = Release|x86
	EndGlobalSection
	GlobalSection(ProjectConfigurationPlatforms) = postSolution
		{2A8D2545-7108-41CC-BAD5-90507EBBBFC4}.Debug|Any CPU.ActiveCfg = Debug|Any CPU
		{2A8D2545-7108-41CC-BAD5-90507EBBBFC4}.Debug|Any CPU.Build.0 = Debug|Any CPU
		{2A8D2545-7108-41CC-BAD5-90507EBBBFC4}.Debug|x64.ActiveCfg = Debug|Any CPU
		{2A8D2545-7108-41CC-BAD5-90507EBBBFC4}.Debug|x64.Build.0 = Debug|Any CPU
		{2A8D2545-7108-41CC-BAD5-90507EBBBFC4}.Debug|x86.ActiveCfg = Debug|Any CPU
		{2A8D2545-7108-41CC-BAD5-90507EBBBFC4}.Debug|x86.Build.0 = Debug|Any CPU
		{2A8D2545-7108-41CC-BAD5-90507EBBBFC4}.Release|Any CPU.ActiveCfg = Release|Any CPU
		{2A8D2545-7108-41CC-BAD5-90507EBBBFC4}.Release|Any CPU.Build.0 = Release|Any CPU
		{2A8D2545-7108-41CC-BAD5-90507EBBBFC4}.Release|x64.ActiveCfg = Release|Any CPU
		{2A8D2545-7108-41CC-BAD5-90507EBBBFC4}.Release|x64.Build.0 = Release|Any CPU
		{2A8D2545-7108-41CC-BAD5-90507EBBBFC4}.Release|x86.ActiveCfg = Release|Any CPU
		{2A8D2545-7108-41CC-BAD5-90507EBBBFC4}.Release|x86.Build.0 = Release|Any CPU
		{6B4C573F-A5FC-4EA8-891E-6529A1D48119}.Debug|Any CPU.ActiveCfg = Debug|Any CPU
		{6B4C573F-A5FC-4EA8-891E-6529A1D48119}.Debug|Any CPU.Build.0 = Debug|Any CPU
		{6B4C573F-A5FC-4EA8-891E-6529A1D48119}.Debug|x64.ActiveCfg = Debug|Any CPU
		{6B4C573F-A5FC-4EA8-891E-6529A1D48119}.Debug|x64.Build.0 = Debug|Any CPU
		{6B4C573F-A5FC-4EA8-891E-6529A1D48119}.Debug|x86.ActiveCfg = Debug|Any CPU
		{6B4C573F-A5FC-4EA8-891E-6529A1D48119}.Debug|x86.Build.0 = Debug|Any CPU
		{6B4C573F-A5FC-4EA8-891E-6529A1D48119}.Release|Any CPU.ActiveCfg = Release|Any CPU
		{6B4C573F-A5FC-4EA8-891E-6529A1D48119}.Release|Any CPU.Build.0 = Release|Any CPU
		{6B4C573F-A5FC-4EA8-891E-6529A1D48119}.Release|x64.ActiveCfg = Release|Any CPU
		{6B4C573F-A5FC-4EA8-891E-6529A1D48119}.Release|x64.Build.0 = Release|Any CPU
		{6B4C573F-A5FC-4EA8-891E-6529A1D48119}.Release|x86.ActiveCfg = Release|Any CPU
		{6B4C573F-A5FC-4EA8-891E-6529A1D48119}.Release|x86.Build.0 = Release|Any CPU
		{1E5E43AF-D1AB-4B97-AC0B-A2FE83D52356}.Debug|Any CPU.ActiveCfg = Debug|Any CPU
		{1E5E43AF-D1AB-4B97-AC0B-A2FE83D52356}.Debug|Any CPU.Build.0 = Debug|Any CPU
		{1E5E43AF-D1AB-4B97-AC0B-A2FE83D52356}.Debug|x64.ActiveCfg = Debug|Any CPU
		{1E5E43AF-D1AB-4B97-AC0B-A2FE83D52356}.Debug|x64.Build.0 = Debug|Any CPU
		{1E5E43AF-D1AB-4B97-AC0B-A2FE83D52356}.Debug|x86.ActiveCfg = Debug|Any CPU
		{1E5E43AF-D1AB-4B97-AC0B-A2FE83D52356}.Debug|x86.Build.0 = Debug|Any CPU
		{1E5E43AF-D1AB-4B97-AC0B-A2FE83D52356}.Release|Any CPU.ActiveCfg = Release|Any CPU
		{1E5E43AF-D1AB-4B97-AC0B-A2FE83D52356}.Release|Any CPU.Build.0 = Release|Any CPU
		{1E5E43AF-D1AB-4B97-AC0B-A2FE83D52356}.Release|x64.ActiveCfg = Release|Any CPU
		{1E5E43AF-D1AB-4B97-AC0B-A2FE83D52356}.Release|x64.Build.0 = Release|Any CPU
		{1E5E43AF-D1AB-4B97-AC0B-A2FE83D52356}.Release|x86.ActiveCfg = Release|Any CPU
		{1E5E43AF-D1AB-4B97-AC0B-A2FE83D52356}.Release|x86.Build.0 = Release|Any CPU
		{437A9C0E-1226-4242-90C1-742A932FECC2}.Debug|Any CPU.ActiveCfg = Debug|Win32
		{437A9C0E-1226-4242-90C1-742A932FECC2}.Debug|Any CPU.Build.0 = Debug|Win32
		{437A9C0E-1226-4242-90C1-742A932FECC2}.Debug|x64.ActiveCfg = Debug|x64
		{437A9C0E-1226-4242-90C1-742A932FECC2}.Debug|x64.Build.0 = Debug|x64
		{437A9C0E-1226-4242-90C1-742A932FECC2}.Debug|x86.ActiveCfg = Debug|Win32
		{437A9C0E-1226-4242-90C1-742A932FECC2}.Debug|x86.Build.0 = Debug|Win32
		{437A9C0E-1226-4242-90C1-742A932FECC2}.Release|Any CPU.ActiveCfg = Release|Win32
		{437A9C0E-1226-4242-90C1-742A932FECC2}.Release|Any CPU.Build.0 = Release|Win32
		{437A9C0E-1226-4242-90C1-742A932FECC2}.Release|x64.ActiveCfg = Release|x64
		{437A9C0E-1226-4242-90C1-742A932FECC2}.Release|x64.Build.0 = Release|x64
		{437A9C0E-1226-4242-90C1-742A932FECC2}.Release|x86.ActiveCfg = Release|Win32
		{437A9C0E-1226-4242-90C1-742A932FECC2}.Release|x86.Build.0 = Release|Win32
		{6D3DB844-15C7-409F-88D1-359D0EA33F0C}.Debug|Any CPU.ActiveCfg = Debug|Any CPU
		{6D3DB844-15C7-409F-88D1-359D0EA33F0C}.Debug|Any CPU.Build.0 = Debug|Any CPU
		{6D3DB844-15C7-409F-88D1-359D0EA33F0C}.Debug|x64.ActiveCfg = Debug|Any CPU
		{6D3DB844-15C7-409F-88D1-359D0EA33F0C}.Debug|x64.Build.0 = Debug|Any CPU
		{6D3DB844-15C7-409F-88D1-359D0EA33F0C}.Debug|x86.ActiveCfg = Debug|Any CPU
		{6D3DB844-15C7-409F-88D1-359D0EA33F0C}.Debug|x86.Build.0 = Debug|Any CPU
		{6D3DB844-15C7-409F-88D1-359D0EA33F0C}.Release|Any CPU.ActiveCfg = Release|Any CPU
		{6D3DB844-15C7-409F-88D1-359D0EA33F0C}.Release|Any CPU.Build.0 = Release|Any CPU
		{6D3DB844-15C7-409F-88D1-359D0EA33F0C}.Release|x64.ActiveCfg = Release|Any CPU
		{6D3DB844-15C7-409F-88D1-359D0EA33F0C}.Release|x64.Build.0 = Release|Any CPU
		{6D3DB844-15C7-409F-88D1-359D0EA33F0C}.Release|x86.ActiveCfg = Release|Any CPU
		{6D3DB844-15C7-409F-88D1-359D0EA33F0C}.Release|x86.Build.0 = Release|Any CPU
	EndGlobalSection
	GlobalSection(SolutionProperties) = preSolution
		HideSolutionNode = FALSE
	EndGlobalSection
	GlobalSection(ExtensibilityGlobals) = postSolution
		SolutionGuid = {DC5B7616-1127-4B6F-BE7A-A63A04109334}
	EndGlobalSection
EndGlobal
