
Microsoft Visual Studio Solution File, Format Version 12.00
# Visual Studio 15
VisualStudioVersion = 15.0.27428.2027
MinimumVisualStudioVersion = 10.0.40219.1
Project("{FAE04EC0-301F-11D3-BF4B-00C04F79EFBC}") = "SWSniff", "SWSniff\SWSniff.csproj", "{2A8D2545-7108-41CC-BAD5-90507EBBBFC4}"
EndProject
Project("{FAE04EC0-301F-11D3-BF4B-00C04F79EFBC}") = "SWSniff.Core", "SWSniff.Core\SWSniff.Core.csproj", "{6B4C573F-A5FC-4EA8-891E-6529A1D48119}"
EndProject
Global
	GlobalSection(SolutionConfigurationPlatforms) = preSolution
		Debug|Any CPU = Debug|Any CPU
		Release|Any CPU = Release|Any CPU
	EndGlobalSection
	GlobalSection(ProjectConfigurationPlatforms) = postSolution
		{2A8D2545-7108-41CC-BAD5-90507EBBBFC4}.Debug|Any CPU.ActiveCfg = Debug|Any CPU
		{2A8D2545-7108-41CC-BAD5-90507EBBBFC4}.Debug|Any CPU.Build.0 = Debug|Any CPU
		{2A8D2545-7108-41CC-BAD5-90507EBBBFC4}.Release|Any CPU.ActiveCfg = Release|Any CPU
		{2A8D2545-7108-41CC-BAD5-90507EBBBFC4}.Release|Any CPU.Build.0 = Release|Any CPU
		{6B4C573F-A5FC-4EA8-891E-6529A1D48119}.Debug|Any CPU.ActiveCfg = Debug|Any CPU
		{6B4C573F-A5FC-4EA8-891E-6529A1D48119}.Debug|Any CPU.Build.0 = Debug|Any CPU
		{6B4C573F-A5FC-4EA8-891E-6529A1D48119}.Release|Any CPU.ActiveCfg = Release|Any CPU
		{6B4C573F-A5FC-4EA8-891E-6529A1D48119}.Release|Any CPU.Build.0 = Release|Any CPU
	EndGlobalSection
	GlobalSection(SolutionProperties) = preSolution
		HideSolutionNode = FALSE
	EndGlobalSection
	GlobalSection(ExtensibilityGlobals) = postSolution
		SolutionGuid = {DC5B7616-1127-4B6F-BE7A-A63A04109334}
	EndGlobalSection
EndGlobal
